// !$*UTF8*$!
{
	archiveVersion = 1;
	classes = {
	};
	objectVersion = 46;
	objects = {

/* Begin PBXBuildFile section */
		8BE2E2A61E2E225200ACA992 /* main.m in Sources */ = {isa = PBXBuildFile; fileRef = 8BE2E2A51E2E225200ACA992 /* main.m */; };
		8BE2E2A91E2E225200ACA992 /* AppDelegate.m in Sources */ = {isa = PBXBuildFile; fileRef = 8BE2E2A81E2E225200ACA992 /* AppDelegate.m */; };
		8BE2E2AC1E2E225200ACA992 /* ViewController.m in Sources */ = {isa = PBXBuildFile; fileRef = 8BE2E2AB1E2E225200ACA992 /* ViewController.m */; };
		8BE2E2AF1E2E225200ACA992 /* Main.storyboard in Resources */ = {isa = PBXBuildFile; fileRef = 8BE2E2AD1E2E225200ACA992 /* Main.storyboard */; };
		8BE2E2B11E2E225200ACA992 /* Assets.xcassets in Resources */ = {isa = PBXBuildFile; fileRef = 8BE2E2B01E2E225200ACA992 /* Assets.xcassets */; };
		8BE2E2B41E2E225200ACA992 /* LaunchScreen.storyboard in Resources */ = {isa = PBXBuildFile; fileRef = 8BE2E2B21E2E225200ACA992 /* LaunchScreen.storyboard */; };
/* End PBXBuildFile section */

/* Begin PBXFileReference section */
		8BE2E2A11E2E225200ACA992 /* MovieNameGenerator.app */ = {isa = PBXFileReference; explicitFileType = wrapper.application; includeInIndex = 0; path = MovieNameGenerator.app; sourceTree = BUILT_PRODUCTS_DIR; };
		8BE2E2A51E2E225200ACA992 /* main.m */ = {isa = PBXFileReference; lastKnownFileType = sourcecode.c.objc; path = main.m; sourceTree = "<group>"; };
		8BE2E2A71E2E225200ACA992 /* AppDelegate.h */ = {isa = PBXFileReference; lastKnownFileType = sourcecode.c.h; path = AppDelegate.h; sourceTree = "<group>"; };
		8BE2E2A81E2E225200ACA992 /* AppDelegate.m */ = {isa = PBXFileReference; lastKnownFileType = sourcecode.c.objc; path = AppDelegate.m; sourceTree = "<group>"; };
		8BE2E2AA1E2E225200ACA992 /* ViewController.h */ = {isa = PBXFileReference; lastKnownFileType = sourcecode.c.h; path = ViewController.h; sourceTree = "<group>"; };
		8BE2E2AB1E2E225200ACA992 /* ViewController.m */ = {isa = PBXFileReference; lastKnownFileType = sourcecode.c.objc; path = ViewController.m; sourceTree = "<group>"; };
		8BE2E2AE1E2E225200ACA992 /* Base */ = {isa = PBXFileReference; lastKnownFileType = file.storyboard; name = Base; path = Base.lproj/Main.storyboard; sourceTree = "<group>"; };
		8BE2E2B01E2E225200ACA992 /* Assets.xcassets */ = {isa = PBXFileReference; lastKnownFileType = folder.assetcatalog; path = Assets.xcassets; sourceTree = "<group>"; };
		8BE2E2B31E2E225200ACA992 /* Base */ = {isa = PBXFileReference; lastKnownFileType = file.storyboard; name = Base; path = Base.lproj/LaunchScreen.storyboard; sourceTree = "<group>"; };
		8BE2E2B51E2E225200ACA992 /* Info.plist */ = {isa = PBXFileReference; lastKnownFileType = text.plist.xml; path = Info.plist; sourceTree = "<group>"; };
/* End PBXFileReference section */

/* Begin PBXFrameworksBuildPhase section */
		8BE2E29E1E2E225200ACA992 /* Frameworks */ = {
			isa = PBXFrameworksBuildPhase;
			buildActionMask = 2147483647;
			files = (
			);
			runOnlyForDeploymentPostprocessing = 0;
		};
/* End PBXFrameworksBuildPhase section */

/* Begin PBXGroup section */
		8BE2E2981E2E225100ACA992 = {
			isa = PBXGroup;
			children = (
				8BE2E2A31E2E225200ACA992 /* MovieNameGenerator */,
				8BE2E2A21E2E225200ACA992 /* Products */,
			);
			sourceTree = "<group>";
		};
		8BE2E2A21E2E225200ACA992 /* Products */ = {
			isa = PBXGroup;
			children = (
				8BE2E2A11E2E225200ACA992 /* MovieNameGenerator.app */,
			);
			name = Products;
			sourceTree = "<group>";
		};
		8BE2E2A31E2E225200ACA992 /* MovieNameGenerator */ = {
			isa = PBXGroup;
			children = (
				8BE2E2A71E2E225200ACA992 /* AppDelegate.h */,
				8BE2E2A81E2E225200ACA992 /* AppDelegate.m */,
				8BE2E2AA1E2E225200ACA992 /* ViewController.h */,
				8BE2E2AB1E2E225200ACA992 /* ViewController.m */,
				8BE2E2AD1E2E225200ACA992 /* Main.storyboard */,
				8BE2E2B01E2E225200ACA992 /* Assets.xcassets */,
				8BE2E2B21E2E225200ACA992 /* LaunchScreen.storyboard */,
				8BE2E2B51E2E225200ACA992 /* Info.plist */,
				8BE2E2A41E2E225200ACA992 /* Supporting Files */,
			);
			path = MovieNameGenerator;
			sourceTree = "<group>";
		};
		8BE2E2A41E2E225200ACA992 /* Supporting Files */ = {
			isa = PBXGroup;
			children = (
				8BE2E2A51E2E225200ACA992 /* main.m */,
			);
			name = "Supporting Files";
			sourceTree = "<group>";
		};
/* End PBXGroup section */

/* Begin PBXNativeTarget section */
		8BE2E2A01E2E225200ACA992 /* MovieNameGenerator */ = {
			isa = PBXNativeTarget;
			buildConfigurationList = 8BE2E2B81E2E225200ACA992 /* Build configuration list for PBXNativeTarget "MovieNameGenerator" */;
			buildPhases = (
				8BE2E29D1E2E225200ACA992 /* Sources */,
				8BE2E29E1E2E225200ACA992 /* Frameworks */,
				8BE2E29F1E2E225200ACA992 /* Resources */,
			);
			buildRules = (
			);
			dependencies = (
			);
			name = MovieNameGenerator;
			productName = MovieNameGenerator;
			productReference = 8BE2E2A11E2E225200ACA992 /* MovieNameGenerator.app */;
			productType = "com.apple.product-type.application";
		};
/* End PBXNativeTarget section */

/* Begin PBXProject section */
		8BE2E2991E2E225100ACA992 /* Project object */ = {
			isa = PBXProject;
			attributes = {
				LastUpgradeCheck = 0820;
				ORGANIZATIONNAME = "Tobias Hillén";
				TargetAttributes = {
					8BE2E2A01E2E225200ACA992 = {
						CreatedOnToolsVersion = 8.2.1;
						ProvisioningStyle = Automatic;
					};
				};
			};
			buildConfigurationList = 8BE2E29C1E2E225100ACA992 /* Build configuration list for PBXProject "MovieNameGenerator" */;
			compatibilityVersion = "Xcode 3.2";
			developmentRegion = English;
			hasScannedForEncodings = 0;
			knownRegions = (
				en,
				Base,
			);
			mainGroup = 8BE2E2981E2E225100ACA992;
			productRefGroup = 8BE2E2A21E2E225200ACA992 /* Products */;
			projectDirPath = "";
			projectRoot = "";
			targets = (
				8BE2E2A01E2E225200ACA992 /* MovieNameGenerator */,
			);
		};
/* End PBXProject section */

/* Begin PBXResourcesBuildPhase section */
		8BE2E29F1E2E225200ACA992 /* Resources */ = {
			isa = PBXResourcesBuildPhase;
			buildActionMask = 2147483647;
			files = (
				8BE2E2B41E2E225200ACA992 /* LaunchScreen.storyboard in Resources */,
				8BE2E2B11E2E225200ACA992 /* Assets.xcassets in Resources */,
				8BE2E2AF1E2E225200ACA992 /* Main.storyboard in Resources */,
			);
			runOnlyForDeploymentPostprocessing = 0;
		};
/* End PBXResourcesBuildPhase section */

/* Begin PBXSourcesBuildPhase section */
		8BE2E29D1E2E225200ACA992 /* Sources */ = {
			isa = PBXSourcesBuildPhase;
			buildActionMask = 2147483647;
			files = (
				8BE2E2AC1E2E225200ACA992 /* ViewController.m in Sources */,
				8BE2E2A91E2E225200ACA992 /* AppDelegate.m in Sources */,
				8BE2E2A61E2E225200ACA992 /* main.m in Sources */,
			);
			runOnlyForDeploymentPostprocessing = 0;
		};
/* End PBXSourcesBuildPhase section */

/* Begin PBXVariantGroup section */
		8BE2E2AD1E2E225200ACA992 /* Main.storyboard */ = {
			isa = PBXVariantGroup;
			children = (
				8BE2E2AE1E2E225200ACA992 /* Base */,
			);
			name = Main.storyboard;
			sourceTree = "<group>";
		};
		8BE2E2B21E2E225200ACA992 /* LaunchScreen.storyboard */ = {
			isa = PBXVariantGroup;
			children = (
				8BE2E2B31E2E225200ACA992 /* Base */,
			);
			name = LaunchScreen.storyboard;
			sourceTree = "<group>";
		};
/* End PBXVariantGroup section */

/* Begin XCBuildConfiguration section */
		8BE2E2B61E2E225200ACA992 /* Debug */ = {
			isa = XCBuildConfiguration;
			buildSettings = {
				ALWAYS_SEARCH_USER_PATHS = NO;
				CLANG_ANALYZER_NONNULL = YES;
				CLANG_CXX_LANGUAGE_STANDARD = "gnu++0x";
				CLANG_CXX_LIBRARY = "libc++";
				CLANG_ENABLE_MODULES = YES;
				CLANG_ENABLE_OBJC_ARC = YES;
				CLANG_WARN_BOOL_CONVERSION = YES;
				CLANG_WARN_CONSTANT_CONVERSION = YES;
				CLANG_WARN_DIRECT_OBJC_ISA_USAGE = YES_ERROR;
				CLANG_WARN_DOCUMENTATION_COMMENTS = YES;
				CLANG_WARN_EMPTY_BODY = YES;
				CLANG_WARN_ENUM_CONVERSION = YES;
				CLANG_WARN_INFINITE_RECURSION = YES;
				CLANG_WARN_INT_CONVERSION = YES;
				CLANG_WARN_OBJC_ROOT_CLASS = YES_ERROR;
				CLANG_WARN_SUSPICIOUS_MOVE = YES;
				CLANG_WARN_UNREACHABLE_CODE = YES;
				CLANG_WARN__DUPLICATE_METHOD_MATCH = YES;
				"CODE_SIGN_IDENTITY[sdk=iphoneos*]" = "iPhone Developer";
				COPY_PHASE_STRIP = NO;
				DEBUG_INFORMATION_FORMAT = dwarf;
				ENABLE_STRICT_OBJC_MSGSEND = YES;
				ENABLE_TESTABILITY = YES;
				GCC_C_LANGUAGE_STANDARD = gnu99;
				GCC_DYNAMIC_NO_PIC = NO;
				GCC_NO_COMMON_BLOCKS = YES;
				GCC_OPTIMIZATION_LEVEL = 0;
				GCC_PREPROCESSOR_DEFINITIONS = (
					"DEBUG=1",
					"$(inherited)",
				);
				GCC_WARN_64_TO_32_BIT_CONVERSION = YES;
				GCC_WARN_ABOUT_RETURN_TYPE = YES_ERROR;
				GCC_WARN_UNDECLARED_SELECTOR = YES;
				GCC_WARN_UNINITIALIZED_AUTOS = YES_AGGRESSIVE;
				GCC_WARN_UNUSED_FUNCTION = YES;
				GCC_WARN_UNUSED_VARIABLE = YES;
				IPHONEOS_DEPLOYMENT_TARGET = 10.2;
				MTL_ENABLE_DEBUG_INFO = YES;
				ONLY_ACTIVE_ARCH = YES;
				SDKROOT = iphoneos;
			};
			name = Debug;
		};
		8BE2E2B71E2E225200ACA992 /* Release */ = {
			isa = XCBuildConfiguration;
			buildSettings = {
				ALWAYS_SEARCH_USER_PATHS = NO;
				CLANG_ANALYZER_NONNULL = YES;
				CLANG_CXX_LANGUAGE_STANDARD = "gnu++0x";
				CLANG_CXX_LIBRARY = "libc++";
				CLANG_ENABLE_MODULES = YES;
				CLANG_ENABLE_OBJC_ARC = YES;
				CLANG_WARN_BOOL_CONVERSION = YES;
				CLANG_WARN_CONSTANT_CONVERSION = YES;
				CLANG_WARN_DIRECT_OBJC_ISA_USAGE = YES_ERROR;
				CLANG_WARN_DOCUMENTATION_COMMENTS = YES;
				CLANG_WARN_EMPTY_BODY = YES;
				CLANG_WARN_ENUM_CONVERSION = YES;
				CLANG_WARN_INFINITE_RECURSION = YES;
				CLANG_WARN_INT_CONVERSION = YES;
				CLANG_WARN_OBJC_ROOT_CLASS = YES_ERROR;
				CLANG_WARN_SUSPICIOUS_MOVE = YES;
				CLANG_WARN_UNREACHABLE_CODE = YES;
				CLANG_WARN__DUPLICATE_METHOD_MATCH = YES;
				"CODE_SIGN_IDENTITY[sdk=iphoneos*]" = "iPhone Developer";
				COPY_PHASE_STRIP = NO;
				DEBUG_INFORMATION_FORMAT = "dwarf-with-dsym";
				ENABLE_NS_ASSERTIONS = NO;
				ENABLE_STRICT_OBJC_MSGSEND = YES;
				GCC_C_LANGUAGE_STANDARD = gnu99;
				GCC_NO_COMMON_BLOCKS = YES;
				GCC_WARN_64_TO_32_BIT_CONVERSION = YES;
				GCC_WARN_ABOUT_RETURN_TYPE = YES_ERROR;
				GCC_WARN_UNDECLARED_SELECTOR = YES;
				GCC_WARN_UNINITIALIZED_AUTOS = YES_AGGRESSIVE;
				GCC_WARN_UNUSED_FUNCTION = YES;
				GCC_WARN_UNUSED_VARIABLE = YES;
				IPHONEOS_DEPLOYMENT_TARGET = 10.2;
				MTL_ENABLE_DEBUG_INFO = NO;
				SDKROOT = iphoneos;
				VALIDATE_PRODUCT = YES;
			};
			name = Release;
		};
		8BE2E2B91E2E225200ACA992 /* Debug */ = {
			isa = XCBuildConfiguration;
			buildSettings = {
				ASSETCATALOG_COMPILER_APPICON_NAME = AppIcon;
				INFOPLIST_FILE = MovieNameGenerator/Info.plist;
				LD_RUNPATH_SEARCH_PATHS = "$(inherited) @executable_path/Frameworks";
				PRODUCT_BUNDLE_IDENTIFIER = TH.MovieNameGenerator;
				PRODUCT_NAME = "$(TARGET_NAME)";
			};
			name = Debug;
		};
		8BE2E2BA1E2E225200ACA992 /* Release */ = {
			isa = XCBuildConfiguration;
			buildSettings = {
				ASSETCATALOG_COMPILER_APPICON_NAME = AppIcon;
				INFOPLIST_FILE = MovieNameGenerator/Info.plist;
				LD_RUNPATH_SEARCH_PATHS = "$(inherited) @executable_path/Frameworks";
				PRODUCT_BUNDLE_IDENTIFIER = TH.MovieNameGenerator;
				PRODUCT_NAME = "$(TARGET_NAME)";
			};
			name = Release;
		};
/* End XCBuildConfiguration section */

/* Begin XCConfigurationList section */
		8BE2E29C1E2E225100ACA992 /* Build configuration list for PBXProject "MovieNameGenerator" */ = {
			isa = XCConfigurationList;
			buildConfigurations = (
				8BE2E2B61E2E225200ACA992 /* Debug */,
				8BE2E2B71E2E225200ACA992 /* Release */,
			);
			defaultConfigurationIsVisible = 0;
			defaultConfigurationName = Release;
		};
		8BE2E2B81E2E225200ACA992 /* Build configuration list for PBXNativeTarget "MovieNameGenerator" */ = {
			isa = XCConfigurationList;
			buildConfigurations = (
				8BE2E2B91E2E225200ACA992 /* Debug */,
				8BE2E2BA1E2E225200ACA992 /* Release */,
			);
			defaultConfigurationIsVisible = 0;
		};
/* End XCConfigurationList section */
	};
	rootObject = 8BE2E2991E2E225100ACA992 /* Project object */;
}
